
Microsoft Visual Studio Solution File, Format Version 12.00
# Visual Studio Version 17
VisualStudioVersion = 17.8.34525.116
MinimumVisualStudioVersion = 10.0.40219.1
Project("{FAE04EC0-301F-11D3-BF4B-00C04F79EFBC}") = "Sudoku", "Sudoku\Sudoku.csproj", "{588F2FE3-7F52-4186-B93A-A240A4ED70B2}"
EndProject
Project("{FAE04EC0-301F-11D3-BF4B-00C04F79EFBC}") = "SudokuTests", "SudokuTests\SudokuTests.csproj", "{5D5A9243-247F-4F23-BC63-53C2231FDDA1}"
EndProject
Global
	GlobalSection(SolutionConfigurationPlatforms) = preSolution
		Debug|Any CPU = Debug|Any CPU
		Release|Any CPU = Release|Any CPU
	EndGlobalSection
	GlobalSection(ProjectConfigurationPlatforms) = postSolution
		{588F2FE3-7F52-4186-B93A-A240A4ED70B2}.Debug|Any CPU.ActiveCfg = Debug|Any CPU
		{588F2FE3-7F52-4186-B93A-A240A4ED70B2}.Debug|Any CPU.Build.0 = Debug|Any CPU
		{588F2FE3-7F52-4186-B93A-A240A4ED70B2}.Release|Any CPU.ActiveCfg = Release|Any CPU
		{588F2FE3-7F52-4186-B93A-A240A4ED70B2}.Release|Any CPU.Build.0 = Release|Any CPU
		{5D5A9243-247F-4F23-BC63-53C2231FDDA1}.Debug|Any CPU.ActiveCfg = Debug|Any CPU
		{5D5A9243-247F-4F23-BC63-53C2231FDDA1}.Debug|Any CPU.Build.0 = Debug|Any CPU
		{5D5A9243-247F-4F23-BC63-53C2231FDDA1}.Release|Any CPU.ActiveCfg = Release|Any CPU
		{5D5A9243-247F-4F23-BC63-53C2231FDDA1}.Release|Any CPU.Build.0 = Release|Any CPU
	EndGlobalSection
	GlobalSection(SolutionProperties) = preSolution
		HideSolutionNode = FALSE
	EndGlobalSection
	GlobalSection(ExtensibilityGlobals) = postSolution
		SolutionGuid = {609FD874-E8B6-4EB3-B20F-5BDA9B653781}
	EndGlobalSection
EndGlobal
